// !$*UTF8*$!
{
	archiveVersion = 1;
	classes = {
	};
	objectVersion = 56;
	objects = {

/* Begin PBXBuildFile section */
		7596D63C2AE573D80005C42C /* SearchViewModel.swift in Sources */ = {isa = PBXBuildFile; fileRef = 7596D63B2AE573D80005C42C /* SearchViewModel.swift */; };
		75B08A1E2ACD687B002C87D6 /* practice_moviesApp.swift in Sources */ = {isa = PBXBuildFile; fileRef = 75B08A1D2ACD687B002C87D6 /* practice_moviesApp.swift */; };
		75B08A202ACD687B002C87D6 /* ContentView.swift in Sources */ = {isa = PBXBuildFile; fileRef = 75B08A1F2ACD687B002C87D6 /* ContentView.swift */; };
		75B08A222ACD687F002C87D6 /* Assets.xcassets in Resources */ = {isa = PBXBuildFile; fileRef = 75B08A212ACD687F002C87D6 /* Assets.xcassets */; };
		75B08A252ACD687F002C87D6 /* Preview Assets.xcassets in Resources */ = {isa = PBXBuildFile; fileRef = 75B08A242ACD687F002C87D6 /* Preview Assets.xcassets */; };
		75B08A322ACD6983002C87D6 /* NetworkManager.swift in Sources */ = {isa = PBXBuildFile; fileRef = 75B08A312ACD6983002C87D6 /* NetworkManager.swift */; };
		75B08A342ACD698E002C87D6 /* NetworkHelper.swift in Sources */ = {isa = PBXBuildFile; fileRef = 75B08A332ACD698E002C87D6 /* NetworkHelper.swift */; };
		75B08A372ACD69C2002C87D6 /* HomeView.swift in Sources */ = {isa = PBXBuildFile; fileRef = 75B08A362ACD69C2002C87D6 /* HomeView.swift */; };
		75B08A392ACD69E1002C87D6 /* FavoritesView.swift in Sources */ = {isa = PBXBuildFile; fileRef = 75B08A382ACD69E1002C87D6 /* FavoritesView.swift */; };
		75B08A3B2ACD69F1002C87D6 /* DetailView.swift in Sources */ = {isa = PBXBuildFile; fileRef = 75B08A3A2ACD69F1002C87D6 /* DetailView.swift */; };
		75B08A3D2ACD6A07002C87D6 /* SearchBar.swift in Sources */ = {isa = PBXBuildFile; fileRef = 75B08A3C2ACD6A07002C87D6 /* SearchBar.swift */; };
		75B08A3F2ACD70EB002C87D6 /* HomeViewModel.swift in Sources */ = {isa = PBXBuildFile; fileRef = 75B08A3E2ACD70EB002C87D6 /* HomeViewModel.swift */; };
		75B08A422ACD720C002C87D6 /* MovieModel.swift in Sources */ = {isa = PBXBuildFile; fileRef = 75B08A412ACD720C002C87D6 /* MovieModel.swift */; };
		75B08A442ACD8225002C87D6 /* MovieCard.swift in Sources */ = {isa = PBXBuildFile; fileRef = 75B08A432ACD8225002C87D6 /* MovieCard.swift */; };
		75B08A462ACD87B9002C87D6 /* MovieHGrid.swift in Sources */ = {isa = PBXBuildFile; fileRef = 75B08A452ACD87B9002C87D6 /* MovieHGrid.swift */; };
		75B08A4A2ACD8C3E002C87D6 /* TestMovieData.swift in Sources */ = {isa = PBXBuildFile; fileRef = 75B08A492ACD8C3E002C87D6 /* TestMovieData.swift */; };
		75BEE4302AD2D60900B4AF85 /* Kingfisher in Frameworks */ = {isa = PBXBuildFile; productRef = 75BEE42F2AD2D60900B4AF85 /* Kingfisher */; };
		75BEE4332AD2DEB100B4AF85 /* DateFormatHelper.swift in Sources */ = {isa = PBXBuildFile; fileRef = 75BEE4322AD2DEB100B4AF85 /* DateFormatHelper.swift */; };
		75BEE4352AD2E7C600B4AF85 /* NumberHelper.swift in Sources */ = {isa = PBXBuildFile; fileRef = 75BEE4342AD2E7C600B4AF85 /* NumberHelper.swift */; };
		75C50F002ADEB9930023C051 /* DetailViewModel.swift in Sources */ = {isa = PBXBuildFile; fileRef = 75C50EFF2ADEB9930023C051 /* DetailViewModel.swift */; };
		75CBBB6E2ACE75500086CAEC /* SearchView.swift in Sources */ = {isa = PBXBuildFile; fileRef = 75CBBB6D2ACE75500086CAEC /* SearchView.swift */; };
		75CBBB702ACE90610086CAEC /* URLExtension.swift in Sources */ = {isa = PBXBuildFile; fileRef = 75CBBB6F2ACE90610086CAEC /* URLExtension.swift */; };
		75F9978A2AE7F39E0054F30C /* MovieSearchCard.swift in Sources */ = {isa = PBXBuildFile; fileRef = 75F997892AE7F39E0054F30C /* MovieSearchCard.swift */; };
		75F9978D2AE814E00054F30C /* AppUserDefaults.swift in Sources */ = {isa = PBXBuildFile; fileRef = 75F9978C2AE814E00054F30C /* AppUserDefaults.swift */; };
/* End PBXBuildFile section */

/* Begin PBXFileReference section */
		7596D63B2AE573D80005C42C /* SearchViewModel.swift */ = {isa = PBXFileReference; lastKnownFileType = sourcecode.swift; path = SearchViewModel.swift; sourceTree = "<group>"; };
		75B08A1A2ACD687B002C87D6 /* practice-movies.app */ = {isa = PBXFileReference; explicitFileType = wrapper.application; includeInIndex = 0; path = "practice-movies.app"; sourceTree = BUILT_PRODUCTS_DIR; };
		75B08A1D2ACD687B002C87D6 /* practice_moviesApp.swift */ = {isa = PBXFileReference; lastKnownFileType = sourcecode.swift; path = practice_moviesApp.swift; sourceTree = "<group>"; };
		75B08A1F2ACD687B002C87D6 /* ContentView.swift */ = {isa = PBXFileReference; lastKnownFileType = sourcecode.swift; path = ContentView.swift; sourceTree = "<group>"; };
		75B08A212ACD687F002C87D6 /* Assets.xcassets */ = {isa = PBXFileReference; lastKnownFileType = folder.assetcatalog; path = Assets.xcassets; sourceTree = "<group>"; };
		75B08A242ACD687F002C87D6 /* Preview Assets.xcassets */ = {isa = PBXFileReference; lastKnownFileType = folder.assetcatalog; path = "Preview Assets.xcassets"; sourceTree = "<group>"; };
		75B08A312ACD6983002C87D6 /* NetworkManager.swift */ = {isa = PBXFileReference; lastKnownFileType = sourcecode.swift; path = NetworkManager.swift; sourceTree = "<group>"; };
		75B08A332ACD698E002C87D6 /* NetworkHelper.swift */ = {isa = PBXFileReference; lastKnownFileType = sourcecode.swift; path = NetworkHelper.swift; sourceTree = "<group>"; };
		75B08A362ACD69C2002C87D6 /* HomeView.swift */ = {isa = PBXFileReference; lastKnownFileType = sourcecode.swift; path = HomeView.swift; sourceTree = "<group>"; };
		75B08A382ACD69E1002C87D6 /* FavoritesView.swift */ = {isa = PBXFileReference; lastKnownFileType = sourcecode.swift; path = FavoritesView.swift; sourceTree = "<group>"; };
		75B08A3A2ACD69F1002C87D6 /* DetailView.swift */ = {isa = PBXFileReference; lastKnownFileType = sourcecode.swift; path = DetailView.swift; sourceTree = "<group>"; };
		75B08A3C2ACD6A07002C87D6 /* SearchBar.swift */ = {isa = PBXFileReference; lastKnownFileType = sourcecode.swift; path = SearchBar.swift; sourceTree = "<group>"; };
		75B08A3E2ACD70EB002C87D6 /* HomeViewModel.swift */ = {isa = PBXFileReference; lastKnownFileType = sourcecode.swift; path = HomeViewModel.swift; sourceTree = "<group>"; };
		75B08A412ACD720C002C87D6 /* MovieModel.swift */ = {isa = PBXFileReference; lastKnownFileType = sourcecode.swift; path = MovieModel.swift; sourceTree = "<group>"; };
		75B08A432ACD8225002C87D6 /* MovieCard.swift */ = {isa = PBXFileReference; lastKnownFileType = sourcecode.swift; path = MovieCard.swift; sourceTree = "<group>"; };
		75B08A452ACD87B9002C87D6 /* MovieHGrid.swift */ = {isa = PBXFileReference; lastKnownFileType = sourcecode.swift; path = MovieHGrid.swift; sourceTree = "<group>"; };
		75B08A492ACD8C3E002C87D6 /* TestMovieData.swift */ = {isa = PBXFileReference; lastKnownFileType = sourcecode.swift; path = TestMovieData.swift; sourceTree = "<group>"; };
		75BEE4322AD2DEB100B4AF85 /* DateFormatHelper.swift */ = {isa = PBXFileReference; lastKnownFileType = sourcecode.swift; path = DateFormatHelper.swift; sourceTree = "<group>"; };
		75BEE4342AD2E7C600B4AF85 /* NumberHelper.swift */ = {isa = PBXFileReference; lastKnownFileType = sourcecode.swift; path = NumberHelper.swift; sourceTree = "<group>"; };
		75C50EFF2ADEB9930023C051 /* DetailViewModel.swift */ = {isa = PBXFileReference; lastKnownFileType = sourcecode.swift; path = DetailViewModel.swift; sourceTree = "<group>"; };
		75CBBB6D2ACE75500086CAEC /* SearchView.swift */ = {isa = PBXFileReference; lastKnownFileType = sourcecode.swift; path = SearchView.swift; sourceTree = "<group>"; };
		75CBBB6F2ACE90610086CAEC /* URLExtension.swift */ = {isa = PBXFileReference; lastKnownFileType = sourcecode.swift; path = URLExtension.swift; sourceTree = "<group>"; };
		75F997892AE7F39E0054F30C /* MovieSearchCard.swift */ = {isa = PBXFileReference; lastKnownFileType = sourcecode.swift; path = MovieSearchCard.swift; sourceTree = "<group>"; };
		75F9978C2AE814E00054F30C /* AppUserDefaults.swift */ = {isa = PBXFileReference; lastKnownFileType = sourcecode.swift; path = AppUserDefaults.swift; sourceTree = "<group>"; };
/* End PBXFileReference section */

/* Begin PBXFrameworksBuildPhase section */
		75B08A172ACD687B002C87D6 /* Frameworks */ = {
			isa = PBXFrameworksBuildPhase;
			buildActionMask = 2147483647;
			files = (
				75BEE4302AD2D60900B4AF85 /* Kingfisher in Frameworks */,
			);
			runOnlyForDeploymentPostprocessing = 0;
		};
/* End PBXFrameworksBuildPhase section */

/* Begin PBXGroup section */
		75B08A112ACD687B002C87D6 = {
			isa = PBXGroup;
			children = (
				75B08A1C2ACD687B002C87D6 /* practice-movies */,
				75B08A1B2ACD687B002C87D6 /* Products */,
			);
			sourceTree = "<group>";
		};
		75B08A1B2ACD687B002C87D6 /* Products */ = {
			isa = PBXGroup;
			children = (
				75B08A1A2ACD687B002C87D6 /* practice-movies.app */,
			);
			name = Products;
			sourceTree = "<group>";
		};
		75B08A1C2ACD687B002C87D6 /* practice-movies */ = {
			isa = PBXGroup;
			children = (
				75F9978B2AE8149B0054F30C /* LocalStorage */,
				75BEE4312AD2DE9300B4AF85 /* Helper */,
				75B08A472ACD8BE5002C87D6 /* TestData */,
				75B08A302ACD6951002C87D6 /* Service */,
				75B08A352ACD6991002C87D6 /* Extension */,
				75B08A2B2ACD68F3002C87D6 /* View */,
				75B08A2C2ACD6915002C87D6 /* CustomView */,
				75B08A1D2ACD687B002C87D6 /* practice_moviesApp.swift */,
				75B08A1F2ACD687B002C87D6 /* ContentView.swift */,
				75B08A212ACD687F002C87D6 /* Assets.xcassets */,
				75B08A232ACD687F002C87D6 /* Preview Content */,
			);
			path = "practice-movies";
			sourceTree = "<group>";
		};
		75B08A232ACD687F002C87D6 /* Preview Content */ = {
			isa = PBXGroup;
			children = (
				75B08A242ACD687F002C87D6 /* Preview Assets.xcassets */,
			);
			path = "Preview Content";
			sourceTree = "<group>";
		};
		75B08A2B2ACD68F3002C87D6 /* View */ = {
			isa = PBXGroup;
			children = (
				75CBBB6C2ACE753C0086CAEC /* Search */,
				75B08A2D2ACD692C002C87D6 /* Home */,
				75B08A2F2ACD6940002C87D6 /* Detail */,
				75B08A2E2ACD6932002C87D6 /* Favorites */,
			);
			path = View;
			sourceTree = "<group>";
		};
		75B08A2C2ACD6915002C87D6 /* CustomView */ = {
			isa = PBXGroup;
			children = (
				75B08A3C2ACD6A07002C87D6 /* SearchBar.swift */,
				75B08A432ACD8225002C87D6 /* MovieCard.swift */,
				75B08A452ACD87B9002C87D6 /* MovieHGrid.swift */,
				75F997892AE7F39E0054F30C /* MovieSearchCard.swift */,
			);
			path = CustomView;
			sourceTree = "<group>";
		};
		75B08A2D2ACD692C002C87D6 /* Home */ = {
			isa = PBXGroup;
			children = (
				75B08A362ACD69C2002C87D6 /* HomeView.swift */,
				75B08A3E2ACD70EB002C87D6 /* HomeViewModel.swift */,
			);
			path = Home;
			sourceTree = "<group>";
		};
		75B08A2E2ACD6932002C87D6 /* Favorites */ = {
			isa = PBXGroup;
			children = (
				75B08A382ACD69E1002C87D6 /* FavoritesView.swift */,
			);
			path = Favorites;
			sourceTree = "<group>";
		};
		75B08A2F2ACD6940002C87D6 /* Detail */ = {
			isa = PBXGroup;
			children = (
				75B08A3A2ACD69F1002C87D6 /* DetailView.swift */,
				75C50EFF2ADEB9930023C051 /* DetailViewModel.swift */,
			);
			path = Detail;
			sourceTree = "<group>";
		};
		75B08A302ACD6951002C87D6 /* Service */ = {
			isa = PBXGroup;
			children = (
				75B08A312ACD6983002C87D6 /* NetworkManager.swift */,
				75B08A332ACD698E002C87D6 /* NetworkHelper.swift */,
				75B08A402ACD71FA002C87D6 /* Model */,
			);
			path = Service;
			sourceTree = "<group>";
		};
		75B08A352ACD6991002C87D6 /* Extension */ = {
			isa = PBXGroup;
			children = (
				75CBBB6F2ACE90610086CAEC /* URLExtension.swift */,
			);
			path = Extension;
			sourceTree = "<group>";
		};
		75B08A402ACD71FA002C87D6 /* Model */ = {
			isa = PBXGroup;
			children = (
				75B08A412ACD720C002C87D6 /* MovieModel.swift */,
			);
			path = Model;
			sourceTree = "<group>";
		};
		75B08A472ACD8BE5002C87D6 /* TestData */ = {
			isa = PBXGroup;
			children = (
				75B08A492ACD8C3E002C87D6 /* TestMovieData.swift */,
			);
			path = TestData;
			sourceTree = "<group>";
		};
		75BEE4312AD2DE9300B4AF85 /* Helper */ = {
			isa = PBXGroup;
			children = (
				75BEE4322AD2DEB100B4AF85 /* DateFormatHelper.swift */,
				75BEE4342AD2E7C600B4AF85 /* NumberHelper.swift */,
			);
			path = Helper;
			sourceTree = "<group>";
		};
		75CBBB6C2ACE753C0086CAEC /* Search */ = {
			isa = PBXGroup;
			children = (
				75CBBB6D2ACE75500086CAEC /* SearchView.swift */,
				7596D63B2AE573D80005C42C /* SearchViewModel.swift */,
			);
			path = Search;
			sourceTree = "<group>";
		};
		75F9978B2AE8149B0054F30C /* LocalStorage */ = {
			isa = PBXGroup;
			children = (
				75F9978C2AE814E00054F30C /* AppUserDefaults.swift */,
			);
			path = LocalStorage;
			sourceTree = "<group>";
		};
/* End PBXGroup section */

/* Begin PBXNativeTarget section */
		75B08A192ACD687B002C87D6 /* practice-movies */ = {
			isa = PBXNativeTarget;
			buildConfigurationList = 75B08A282ACD687F002C87D6 /* Build configuration list for PBXNativeTarget "practice-movies" */;
			buildPhases = (
				75B08A162ACD687B002C87D6 /* Sources */,
				75B08A172ACD687B002C87D6 /* Frameworks */,
				75B08A182ACD687B002C87D6 /* Resources */,
			);
			buildRules = (
			);
			dependencies = (
			);
			name = "practice-movies";
			packageProductDependencies = (
				75BEE42F2AD2D60900B4AF85 /* Kingfisher */,
			);
			productName = "practice-movies";
			productReference = 75B08A1A2ACD687B002C87D6 /* practice-movies.app */;
			productType = "com.apple.product-type.application";
		};
/* End PBXNativeTarget section */

/* Begin PBXProject section */
		75B08A122ACD687B002C87D6 /* Project object */ = {
			isa = PBXProject;
			attributes = {
				BuildIndependentTargetsInParallel = 1;
				LastSwiftUpdateCheck = 1500;
				LastUpgradeCheck = 1500;
				TargetAttributes = {
					75B08A192ACD687B002C87D6 = {
						CreatedOnToolsVersion = 15.0;
					};
				};
			};
			buildConfigurationList = 75B08A152ACD687B002C87D6 /* Build configuration list for PBXProject "practice-movies" */;
			compatibilityVersion = "Xcode 14.0";
			developmentRegion = en;
			hasScannedForEncodings = 0;
			knownRegions = (
				en,
				Base,
			);
			mainGroup = 75B08A112ACD687B002C87D6;
			packageReferences = (
				75BEE42E2AD2D60900B4AF85 /* XCRemoteSwiftPackageReference "Kingfisher" */,
				75C50EEA2ADEB1430023C051 /* XCRemoteSwiftPackageReference "RxSwift" */,
			);
			productRefGroup = 75B08A1B2ACD687B002C87D6 /* Products */;
			projectDirPath = "";
			projectRoot = "";
			targets = (
				75B08A192ACD687B002C87D6 /* practice-movies */,
			);
		};
/* End PBXProject section */

/* Begin PBXResourcesBuildPhase section */
		75B08A182ACD687B002C87D6 /* Resources */ = {
			isa = PBXResourcesBuildPhase;
			buildActionMask = 2147483647;
			files = (
				75B08A252ACD687F002C87D6 /* Preview Assets.xcassets in Resources */,
				75B08A222ACD687F002C87D6 /* Assets.xcassets in Resources */,
			);
			runOnlyForDeploymentPostprocessing = 0;
		};
/* End PBXResourcesBuildPhase section */

/* Begin PBXSourcesBuildPhase section */
		75B08A162ACD687B002C87D6 /* Sources */ = {
			isa = PBXSourcesBuildPhase;
			buildActionMask = 2147483647;
			files = (
				75BEE4332AD2DEB100B4AF85 /* DateFormatHelper.swift in Sources */,
				75B08A442ACD8225002C87D6 /* MovieCard.swift in Sources */,
				75B08A462ACD87B9002C87D6 /* MovieHGrid.swift in Sources */,
				75B08A342ACD698E002C87D6 /* NetworkHelper.swift in Sources */,
				75F9978D2AE814E00054F30C /* AppUserDefaults.swift in Sources */,
				7596D63C2AE573D80005C42C /* SearchViewModel.swift in Sources */,
				75B08A3F2ACD70EB002C87D6 /* HomeViewModel.swift in Sources */,
				75B08A322ACD6983002C87D6 /* NetworkManager.swift in Sources */,
				75CBBB702ACE90610086CAEC /* URLExtension.swift in Sources */,
				75F9978A2AE7F39E0054F30C /* MovieSearchCard.swift in Sources */,
				75B08A392ACD69E1002C87D6 /* FavoritesView.swift in Sources */,
				75B08A4A2ACD8C3E002C87D6 /* TestMovieData.swift in Sources */,
				75B08A422ACD720C002C87D6 /* MovieModel.swift in Sources */,
				75B08A3B2ACD69F1002C87D6 /* DetailView.swift in Sources */,
				75B08A202ACD687B002C87D6 /* ContentView.swift in Sources */,
				75CBBB6E2ACE75500086CAEC /* SearchView.swift in Sources */,
				75C50F002ADEB9930023C051 /* DetailViewModel.swift in Sources */,
				75BEE4352AD2E7C600B4AF85 /* NumberHelper.swift in Sources */,
				75B08A3D2ACD6A07002C87D6 /* SearchBar.swift in Sources */,
				75B08A372ACD69C2002C87D6 /* HomeView.swift in Sources */,
				75B08A1E2ACD687B002C87D6 /* practice_moviesApp.swift in Sources */,
			);
			runOnlyForDeploymentPostprocessing = 0;
		};
/* End PBXSourcesBuildPhase section */

/* Begin XCBuildConfiguration section */
		75B08A262ACD687F002C87D6 /* Debug */ = {
			isa = XCBuildConfiguration;
			buildSettings = {
				ALWAYS_SEARCH_USER_PATHS = NO;
				ASSETCATALOG_COMPILER_GENERATE_SWIFT_ASSET_SYMBOL_EXTENSIONS = YES;
				CLANG_ANALYZER_NONNULL = YES;
				CLANG_ANALYZER_NUMBER_OBJECT_CONVERSION = YES_AGGRESSIVE;
				CLANG_CXX_LANGUAGE_STANDARD = "gnu++20";
				CLANG_ENABLE_MODULES = YES;
				CLANG_ENABLE_OBJC_ARC = YES;
				CLANG_ENABLE_OBJC_WEAK = YES;
				CLANG_WARN_BLOCK_CAPTURE_AUTORELEASING = YES;
				CLANG_WARN_BOOL_CONVERSION = YES;
				CLANG_WARN_COMMA = YES;
				CLANG_WARN_CONSTANT_CONVERSION = YES;
				CLANG_WARN_DEPRECATED_OBJC_IMPLEMENTATIONS = YES;
				CLANG_WARN_DIRECT_OBJC_ISA_USAGE = YES_ERROR;
				CLANG_WARN_DOCUMENTATION_COMMENTS = YES;
				CLANG_WARN_EMPTY_BODY = YES;
				CLANG_WARN_ENUM_CONVERSION = YES;
				CLANG_WARN_INFINITE_RECURSION = YES;
				CLANG_WARN_INT_CONVERSION = YES;
				CLANG_WARN_NON_LITERAL_NULL_CONVERSION = YES;
				CLANG_WARN_OBJC_IMPLICIT_RETAIN_SELF = YES;
				CLANG_WARN_OBJC_LITERAL_CONVERSION = YES;
				CLANG_WARN_OBJC_ROOT_CLASS = YES_ERROR;
				CLANG_WARN_QUOTED_INCLUDE_IN_FRAMEWORK_HEADER = YES;
				CLANG_WARN_RANGE_LOOP_ANALYSIS = YES;
				CLANG_WARN_STRICT_PROTOTYPES = YES;
				CLANG_WARN_SUSPICIOUS_MOVE = YES;
				CLANG_WARN_UNGUARDED_AVAILABILITY = YES_AGGRESSIVE;
				CLANG_WARN_UNREACHABLE_CODE = YES;
				CLANG_WARN__DUPLICATE_METHOD_MATCH = YES;
				COPY_PHASE_STRIP = NO;
				DEBUG_INFORMATION_FORMAT = dwarf;
				ENABLE_STRICT_OBJC_MSGSEND = YES;
				ENABLE_TESTABILITY = YES;
				ENABLE_USER_SCRIPT_SANDBOXING = YES;
				GCC_C_LANGUAGE_STANDARD = gnu17;
				GCC_DYNAMIC_NO_PIC = NO;
				GCC_NO_COMMON_BLOCKS = YES;
				GCC_OPTIMIZATION_LEVEL = 0;
				GCC_PREPROCESSOR_DEFINITIONS = (
					"DEBUG=1",
					"$(inherited)",
				);
				GCC_WARN_64_TO_32_BIT_CONVERSION = YES;
				GCC_WARN_ABOUT_RETURN_TYPE = YES_ERROR;
				GCC_WARN_UNDECLARED_SELECTOR = YES;
				GCC_WARN_UNINITIALIZED_AUTOS = YES_AGGRESSIVE;
				GCC_WARN_UNUSED_FUNCTION = YES;
				GCC_WARN_UNUSED_VARIABLE = YES;
				IPHONEOS_DEPLOYMENT_TARGET = 17.0;
				LOCALIZATION_PREFERS_STRING_CATALOGS = YES;
				MTL_ENABLE_DEBUG_INFO = INCLUDE_SOURCE;
				MTL_FAST_MATH = YES;
				ONLY_ACTIVE_ARCH = YES;
				SDKROOT = iphoneos;
				SWIFT_ACTIVE_COMPILATION_CONDITIONS = "DEBUG $(inherited)";
				SWIFT_OPTIMIZATION_LEVEL = "-Onone";
			};
			name = Debug;
		};
		75B08A272ACD687F002C87D6 /* Release */ = {
			isa = XCBuildConfiguration;
			buildSettings = {
				ALWAYS_SEARCH_USER_PATHS = NO;
				ASSETCATALOG_COMPILER_GENERATE_SWIFT_ASSET_SYMBOL_EXTENSIONS = YES;
				CLANG_ANALYZER_NONNULL = YES;
				CLANG_ANALYZER_NUMBER_OBJECT_CONVERSION = YES_AGGRESSIVE;
				CLANG_CXX_LANGUAGE_STANDARD = "gnu++20";
				CLANG_ENABLE_MODULES = YES;
				CLANG_ENABLE_OBJC_ARC = YES;
				CLANG_ENABLE_OBJC_WEAK = YES;
				CLANG_WARN_BLOCK_CAPTURE_AUTORELEASING = YES;
				CLANG_WARN_BOOL_CONVERSION = YES;
				CLANG_WARN_COMMA = YES;
				CLANG_WARN_CONSTANT_CONVERSION = YES;
				CLANG_WARN_DEPRECATED_OBJC_IMPLEMENTATIONS = YES;
				CLANG_WARN_DIRECT_OBJC_ISA_USAGE = YES_ERROR;
				CLANG_WARN_DOCUMENTATION_COMMENTS = YES;
				CLANG_WARN_EMPTY_BODY = YES;
				CLANG_WARN_ENUM_CONVERSION = YES;
				CLANG_WARN_INFINITE_RECURSION = YES;
				CLANG_WARN_INT_CONVERSION = YES;
				CLANG_WARN_NON_LITERAL_NULL_CONVERSION = YES;
				CLANG_WARN_OBJC_IMPLICIT_RETAIN_SELF = YES;
				CLANG_WARN_OBJC_LITERAL_CONVERSION = YES;
				CLANG_WARN_OBJC_ROOT_CLASS = YES_ERROR;
				CLANG_WARN_QUOTED_INCLUDE_IN_FRAMEWORK_HEADER = YES;
				CLANG_WARN_RANGE_LOOP_ANALYSIS = YES;
				CLANG_WARN_STRICT_PROTOTYPES = YES;
				CLANG_WARN_SUSPICIOUS_MOVE = YES;
				CLANG_WARN_UNGUARDED_AVAILABILITY = YES_AGGRESSIVE;
				CLANG_WARN_UNREACHABLE_CODE = YES;
				CLANG_WARN__DUPLICATE_METHOD_MATCH = YES;
				COPY_PHASE_STRIP = NO;
				DEBUG_INFORMATION_FORMAT = "dwarf-with-dsym";
				ENABLE_NS_ASSERTIONS = NO;
				ENABLE_STRICT_OBJC_MSGSEND = YES;
				ENABLE_USER_SCRIPT_SANDBOXING = YES;
				GCC_C_LANGUAGE_STANDARD = gnu17;
				GCC_NO_COMMON_BLOCKS = YES;
				GCC_WARN_64_TO_32_BIT_CONVERSION = YES;
				GCC_WARN_ABOUT_RETURN_TYPE = YES_ERROR;
				GCC_WARN_UNDECLARED_SELECTOR = YES;
				GCC_WARN_UNINITIALIZED_AUTOS = YES_AGGRESSIVE;
				GCC_WARN_UNUSED_FUNCTION = YES;
				GCC_WARN_UNUSED_VARIABLE = YES;
				IPHONEOS_DEPLOYMENT_TARGET = 17.0;
				LOCALIZATION_PREFERS_STRING_CATALOGS = YES;
				MTL_ENABLE_DEBUG_INFO = NO;
				MTL_FAST_MATH = YES;
				SDKROOT = iphoneos;
				SWIFT_COMPILATION_MODE = wholemodule;
				VALIDATE_PRODUCT = YES;
			};
			name = Release;
		};
		75B08A292ACD687F002C87D6 /* Debug */ = {
			isa = XCBuildConfiguration;
			buildSettings = {
				ASSETCATALOG_COMPILER_APPICON_NAME = AppIcon;
				ASSETCATALOG_COMPILER_GLOBAL_ACCENT_COLOR_NAME = AccentColor;
				CODE_SIGN_STYLE = Automatic;
				CURRENT_PROJECT_VERSION = 1;
				DEVELOPMENT_ASSET_PATHS = "\"practice-movies/Preview Content\"";
				ENABLE_PREVIEWS = YES;
				GENERATE_INFOPLIST_FILE = YES;
				INFOPLIST_KEY_UIApplicationSceneManifest_Generation = YES;
				INFOPLIST_KEY_UIApplicationSupportsIndirectInputEvents = YES;
				INFOPLIST_KEY_UILaunchScreen_Generation = YES;
				INFOPLIST_KEY_UISupportedInterfaceOrientations_iPad = "UIInterfaceOrientationPortrait UIInterfaceOrientationPortraitUpsideDown UIInterfaceOrientationLandscapeLeft UIInterfaceOrientationLandscapeRight";
				INFOPLIST_KEY_UISupportedInterfaceOrientations_iPhone = "UIInterfaceOrientationPortrait UIInterfaceOrientationLandscapeLeft UIInterfaceOrientationLandscapeRight";
				IPHONEOS_DEPLOYMENT_TARGET = 15.6;
				LD_RUNPATH_SEARCH_PATHS = (
					"$(inherited)",
					"@executable_path/Frameworks",
				);
				MARKETING_VERSION = 1.0;
				PRODUCT_BUNDLE_IDENTIFIER = "info.practice-movies";
				PRODUCT_NAME = "$(TARGET_NAME)";
				SWIFT_EMIT_LOC_STRINGS = YES;
				SWIFT_VERSION = 5.0;
				TARGETED_DEVICE_FAMILY = "1,2";
			};
			name = Debug;
		};
		75B08A2A2ACD687F002C87D6 /* Release */ = {
			isa = XCBuildConfiguration;
			buildSettings = {
				ASSETCATALOG_COMPILER_APPICON_NAME = AppIcon;
				ASSETCATALOG_COMPILER_GLOBAL_ACCENT_COLOR_NAME = AccentColor;
				CODE_SIGN_STYLE = Automatic;
				CURRENT_PROJECT_VERSION = 1;
				DEVELOPMENT_ASSET_PATHS = "\"practice-movies/Preview Content\"";
				ENABLE_PREVIEWS = YES;
				GENERATE_INFOPLIST_FILE = YES;
				INFOPLIST_KEY_UIApplicationSceneManifest_Generation = YES;
				INFOPLIST_KEY_UIApplicationSupportsIndirectInputEvents = YES;
				INFOPLIST_KEY_UILaunchScreen_Generation = YES;
				INFOPLIST_KEY_UISupportedInterfaceOrientations_iPad = "UIInterfaceOrientationPortrait UIInterfaceOrientationPortraitUpsideDown UIInterfaceOrientationLandscapeLeft UIInterfaceOrientationLandscapeRight";
				INFOPLIST_KEY_UISupportedInterfaceOrientations_iPhone = "UIInterfaceOrientationPortrait UIInterfaceOrientationLandscapeLeft UIInterfaceOrientationLandscapeRight";
				IPHONEOS_DEPLOYMENT_TARGET = 15.6;
				LD_RUNPATH_SEARCH_PATHS = (
					"$(inherited)",
					"@executable_path/Frameworks",
				);
				MARKETING_VERSION = 1.0;
				PRODUCT_BUNDLE_IDENTIFIER = "info.practice-movies";
				PRODUCT_NAME = "$(TARGET_NAME)";
				SWIFT_EMIT_LOC_STRINGS = YES;
				SWIFT_VERSION = 5.0;
				TARGETED_DEVICE_FAMILY = "1,2";
			};
			name = Release;
		};
/* End XCBuildConfiguration section */

/* Begin XCConfigurationList section */
		75B08A152ACD687B002C87D6 /* Build configuration list for PBXProject "practice-movies" */ = {
			isa = XCConfigurationList;
			buildConfigurations = (
				75B08A262ACD687F002C87D6 /* Debug */,
				75B08A272ACD687F002C87D6 /* Release */,
			);
			defaultConfigurationIsVisible = 0;
			defaultConfigurationName = Release;
		};
		75B08A282ACD687F002C87D6 /* Build configuration list for PBXNativeTarget "practice-movies" */ = {
			isa = XCConfigurationList;
			buildConfigurations = (
				75B08A292ACD687F002C87D6 /* Debug */,
				75B08A2A2ACD687F002C87D6 /* Release */,
			);
			defaultConfigurationIsVisible = 0;
			defaultConfigurationName = Release;
		};
/* End XCConfigurationList section */

/* Begin XCRemoteSwiftPackageReference section */
		75BEE42E2AD2D60900B4AF85 /* XCRemoteSwiftPackageReference "Kingfisher" */ = {
			isa = XCRemoteSwiftPackageReference;
			repositoryURL = "https://github.com/onevcat/Kingfisher.git";
			requirement = {
				kind = upToNextMajorVersion;
				minimumVersion = 7.9.1;
			};
		};
		75C50EEA2ADEB1430023C051 /* XCRemoteSwiftPackageReference "RxSwift" */ = {
			isa = XCRemoteSwiftPackageReference;
			repositoryURL = "https://github.com/ReactiveX/RxSwift.git";
			requirement = {
				kind = upToNextMajorVersion;
				minimumVersion = 6.6.0;
			};
		};
/* End XCRemoteSwiftPackageReference section */

/* Begin XCSwiftPackageProductDependency section */
		75BEE42F2AD2D60900B4AF85 /* Kingfisher */ = {
			isa = XCSwiftPackageProductDependency;
			package = 75BEE42E2AD2D60900B4AF85 /* XCRemoteSwiftPackageReference "Kingfisher" */;
			productName = Kingfisher;
		};
/* End XCSwiftPackageProductDependency section */
	};
	rootObject = 75B08A122ACD687B002C87D6 /* Project object */;
}
